
Microsoft Visual Studio Solution File, Format Version 12.00
# Visual Studio Version 17
VisualStudioVersion = 17.14.36915.13 d17.14
MinimumVisualStudioVersion = 10.0.40219.1
Project("{FAE04EC0-301F-11D3-BF4B-00C04F79EFBC}") = "LibrisScan.Crawler", "LibrisScan.Crawler.csproj", "{B7D0824C-E186-45F6-92B8-0B3BD953568E}"
EndProject
Global
	GlobalSection(SolutionConfigurationPlatforms) = preSolution
		Debug|Any CPU = Debug|Any CPU
		Release|Any CPU = Release|Any CPU
	EndGlobalSection
	GlobalSection(ProjectConfigurationPlatforms) = postSolution
		{B7D0824C-E186-45F6-92B8-0B3BD953568E}.Debug|Any CPU.ActiveCfg = Debug|Any CPU
		{B7D0824C-E186-45F6-92B8-0B3BD953568E}.Debug|Any CPU.Build.0 = Debug|Any CPU
		{B7D0824C-E186-45F6-92B8-0B3BD953568E}.Release|Any CPU.ActiveCfg = Release|Any CPU
		{B7D0824C-E186-45F6-92B8-0B3BD953568E}.Release|Any CPU.Build.0 = Release|Any CPU
	EndGlobalSection
	GlobalSection(SolutionProperties) = preSolution
		HideSolutionNode = FALSE
	EndGlobalSection
	GlobalSection(ExtensibilityGlobals) = postSolution
		SolutionGuid = {4619DEE7-BD3B-4CD7-8328-B8320B8D8C45}
	EndGlobalSection
EndGlobal
